// !$*UTF8*$!
{
	archiveVersion = 1;
	classes = {
	};
	objectVersion = 46;
	objects = {

/* Begin PBXBuildFile section */
		FE4006A81B6B791B00DBFD30 /* main.m in Sources */ = {isa = PBXBuildFile; fileRef = FE4006A71B6B791B00DBFD30 /* main.m */; };
		FE4006AB1B6B791B00DBFD30 /* AppDelegate.m in Sources */ = {isa = PBXBuildFile; fileRef = FE4006AA1B6B791B00DBFD30 /* AppDelegate.m */; };
		FE4006B41B6B791B00DBFD30 /* Main.storyboard in Resources */ = {isa = PBXBuildFile; fileRef = FE4006B21B6B791B00DBFD30 /* Main.storyboard */; };
		FE4006B61B6B791B00DBFD30 /* Images.xcassets in Resources */ = {isa = PBXBuildFile; fileRef = FE4006B51B6B791B00DBFD30 /* Images.xcassets */; };
		FE4006B91B6B791B00DBFD30 /* LaunchScreen.xib in Resources */ = {isa = PBXBuildFile; fileRef = FE4006B71B6B791B00DBFD30 /* LaunchScreen.xib */; };
		FE4006C51B6B791B00DBFD30 /* MVCExample01Tests.m in Sources */ = {isa = PBXBuildFile; fileRef = FE4006C41B6B791B00DBFD30 /* MVCExample01Tests.m */; };
		FE4006D01B6B7CD300DBFD30 /* IDEBusiness.m in Sources */ = {isa = PBXBuildFile; fileRef = FE4006CF1B6B7CD300DBFD30 /* IDEBusiness.m */; };
		FE7F0C4E1B6CD60E00FAE1AE /* IDEBusinessDetailViewController.m in Sources */ = {isa = PBXBuildFile; fileRef = FE7F0C4D1B6CD60E00FAE1AE /* IDEBusinessDetailViewController.m */; };
/* End PBXBuildFile section */

/* Begin PBXContainerItemProxy section */
		FE4006BF1B6B791B00DBFD30 /* PBXContainerItemProxy */ = {
			isa = PBXContainerItemProxy;
			containerPortal = FE40069A1B6B791B00DBFD30 /* Project object */;
			proxyType = 1;
			remoteGlobalIDString = FE4006A11B6B791B00DBFD30;
			remoteInfo = MVCExample01;
		};
/* End PBXContainerItemProxy section */

/* Begin PBXFileReference section */
		FE4006A21B6B791B00DBFD30 /* MVCExample01.app */ = {isa = PBXFileReference; explicitFileType = wrapper.application; includeInIndex = 0; path = MVCExample01.app; sourceTree = BUILT_PRODUCTS_DIR; };
		FE4006A61B6B791B00DBFD30 /* Info.plist */ = {isa = PBXFileReference; lastKnownFileType = text.plist.xml; path = Info.plist; sourceTree = "<group>"; };
		FE4006A71B6B791B00DBFD30 /* main.m */ = {isa = PBXFileReference; lastKnownFileType = sourcecode.c.objc; path = main.m; sourceTree = "<group>"; };
		FE4006A91B6B791B00DBFD30 /* AppDelegate.h */ = {isa = PBXFileReference; lastKnownFileType = sourcecode.c.h; path = AppDelegate.h; sourceTree = "<group>"; };
		FE4006AA1B6B791B00DBFD30 /* AppDelegate.m */ = {isa = PBXFileReference; lastKnownFileType = sourcecode.c.objc; path = AppDelegate.m; sourceTree = "<group>"; };
		FE4006B31B6B791B00DBFD30 /* Base */ = {isa = PBXFileReference; lastKnownFileType = file.storyboard; name = Base; path = Base.lproj/Main.storyboard; sourceTree = "<group>"; };
		FE4006B51B6B791B00DBFD30 /* Images.xcassets */ = {isa = PBXFileReference; lastKnownFileType = folder.assetcatalog; path = Images.xcassets; sourceTree = "<group>"; };
		FE4006B81B6B791B00DBFD30 /* Base */ = {isa = PBXFileReference; lastKnownFileType = file.xib; name = Base; path = Base.lproj/LaunchScreen.xib; sourceTree = "<group>"; };
		FE4006BE1B6B791B00DBFD30 /* MVCExample01Tests.xctest */ = {isa = PBXFileReference; explicitFileType = wrapper.cfbundle; includeInIndex = 0; path = MVCExample01Tests.xctest; sourceTree = BUILT_PRODUCTS_DIR; };
		FE4006C31B6B791B00DBFD30 /* Info.plist */ = {isa = PBXFileReference; lastKnownFileType = text.plist.xml; path = Info.plist; sourceTree = "<group>"; };
		FE4006C41B6B791B00DBFD30 /* MVCExample01Tests.m */ = {isa = PBXFileReference; lastKnownFileType = sourcecode.c.objc; path = MVCExample01Tests.m; sourceTree = "<group>"; };
		FE4006CE1B6B7CD300DBFD30 /* IDEBusiness.h */ = {isa = PBXFileReference; fileEncoding = 4; lastKnownFileType = sourcecode.c.h; path = IDEBusiness.h; sourceTree = "<group>"; };
		FE4006CF1B6B7CD300DBFD30 /* IDEBusiness.m */ = {isa = PBXFileReference; fileEncoding = 4; lastKnownFileType = sourcecode.c.objc; path = IDEBusiness.m; sourceTree = "<group>"; };
		FE7F0C4C1B6CD60E00FAE1AE /* IDEBusinessDetailViewController.h */ = {isa = PBXFileReference; fileEncoding = 4; lastKnownFileType = sourcecode.c.h; path = IDEBusinessDetailViewController.h; sourceTree = "<group>"; };
		FE7F0C4D1B6CD60E00FAE1AE /* IDEBusinessDetailViewController.m */ = {isa = PBXFileReference; fileEncoding = 4; lastKnownFileType = sourcecode.c.objc; path = IDEBusinessDetailViewController.m; sourceTree = "<group>"; };
/* End PBXFileReference section */

/* Begin PBXFrameworksBuildPhase section */
		FE40069F1B6B791B00DBFD30 /* Frameworks */ = {
			isa = PBXFrameworksBuildPhase;
			buildActionMask = 2147483647;
			files = (
			);
			runOnlyForDeploymentPostprocessing = 0;
		};
		FE4006BB1B6B791B00DBFD30 /* Frameworks */ = {
			isa = PBXFrameworksBuildPhase;
			buildActionMask = 2147483647;
			files = (
			);
			runOnlyForDeploymentPostprocessing = 0;
		};
/* End PBXFrameworksBuildPhase section */

/* Begin PBXGroup section */
		FE4006991B6B791B00DBFD30 = {
			isa = PBXGroup;
			children = (
				FE4006A41B6B791B00DBFD30 /* MVCExample01 */,
				FE4006C11B6B791B00DBFD30 /* MVCExample01Tests */,
				FE4006A31B6B791B00DBFD30 /* Products */,
			);
			sourceTree = "<group>";
		};
		FE4006A31B6B791B00DBFD30 /* Products */ = {
			isa = PBXGroup;
			children = (
				FE4006A21B6B791B00DBFD30 /* MVCExample01.app */,
				FE4006BE1B6B791B00DBFD30 /* MVCExample01Tests.xctest */,
			);
			name = Products;
			sourceTree = "<group>";
		};
		FE4006A41B6B791B00DBFD30 /* MVCExample01 */ = {
			isa = PBXGroup;
			children = (
				FE4006A91B6B791B00DBFD30 /* AppDelegate.h */,
				FE4006AA1B6B791B00DBFD30 /* AppDelegate.m */,
				FE7F0C4F1B6CD61600FAE1AE /* Controllers */,
				FE4006D11B6B7CF200DBFD30 /* Models */,
				FE4006B21B6B791B00DBFD30 /* Main.storyboard */,
				FE4006B51B6B791B00DBFD30 /* Images.xcassets */,
				FE4006B71B6B791B00DBFD30 /* LaunchScreen.xib */,
				FE4006A51B6B791B00DBFD30 /* Supporting Files */,
			);
			path = MVCExample01;
			sourceTree = "<group>";
		};
		FE4006A51B6B791B00DBFD30 /* Supporting Files */ = {
			isa = PBXGroup;
			children = (
				FE4006A61B6B791B00DBFD30 /* Info.plist */,
				FE4006A71B6B791B00DBFD30 /* main.m */,
			);
			name = "Supporting Files";
			sourceTree = "<group>";
		};
		FE4006C11B6B791B00DBFD30 /* MVCExample01Tests */ = {
			isa = PBXGroup;
			children = (
				FE4006C41B6B791B00DBFD30 /* MVCExample01Tests.m */,
				FE4006C21B6B791B00DBFD30 /* Supporting Files */,
			);
			path = MVCExample01Tests;
			sourceTree = "<group>";
		};
		FE4006C21B6B791B00DBFD30 /* Supporting Files */ = {
			isa = PBXGroup;
			children = (
				FE4006C31B6B791B00DBFD30 /* Info.plist */,
			);
			name = "Supporting Files";
			sourceTree = "<group>";
		};
		FE4006D11B6B7CF200DBFD30 /* Models */ = {
			isa = PBXGroup;
			children = (
				FE4006CE1B6B7CD300DBFD30 /* IDEBusiness.h */,
				FE4006CF1B6B7CD300DBFD30 /* IDEBusiness.m */,
			);
			name = Models;
			sourceTree = "<group>";
		};
		FE7F0C4F1B6CD61600FAE1AE /* Controllers */ = {
			isa = PBXGroup;
			children = (
				FE7F0C4C1B6CD60E00FAE1AE /* IDEBusinessDetailViewController.h */,
				FE7F0C4D1B6CD60E00FAE1AE /* IDEBusinessDetailViewController.m */,
			);
			name = Controllers;
			sourceTree = "<group>";
		};
/* End PBXGroup section */

/* Begin PBXNativeTarget section */
		FE4006A11B6B791B00DBFD30 /* MVCExample01 */ = {
			isa = PBXNativeTarget;
			buildConfigurationList = FE4006C81B6B791B00DBFD30 /* Build configuration list for PBXNativeTarget "MVCExample01" */;
			buildPhases = (
				FE40069E1B6B791B00DBFD30 /* Sources */,
				FE40069F1B6B791B00DBFD30 /* Frameworks */,
				FE4006A01B6B791B00DBFD30 /* Resources */,
			);
			buildRules = (
			);
			dependencies = (
			);
			name = MVCExample01;
			productName = MVCExample01;
			productReference = FE4006A21B6B791B00DBFD30 /* MVCExample01.app */;
			productType = "com.apple.product-type.application";
		};
		FE4006BD1B6B791B00DBFD30 /* MVCExample01Tests */ = {
			isa = PBXNativeTarget;
			buildConfigurationList = FE4006CB1B6B791B00DBFD30 /* Build configuration list for PBXNativeTarget "MVCExample01Tests" */;
			buildPhases = (
				FE4006BA1B6B791B00DBFD30 /* Sources */,
				FE4006BB1B6B791B00DBFD30 /* Frameworks */,
				FE4006BC1B6B791B00DBFD30 /* Resources */,
			);
			buildRules = (
			);
			dependencies = (
				FE4006C01B6B791B00DBFD30 /* PBXTargetDependency */,
			);
			name = MVCExample01Tests;
			productName = MVCExample01Tests;
			productReference = FE4006BE1B6B791B00DBFD30 /* MVCExample01Tests.xctest */;
			productType = "com.apple.product-type.bundle.unit-test";
		};
/* End PBXNativeTarget section */

/* Begin PBXProject section */
		FE40069A1B6B791B00DBFD30 /* Project object */ = {
			isa = PBXProject;
			attributes = {
				LastUpgradeCheck = 0630;
				ORGANIZATIONNAME = IdeasLab;
				TargetAttributes = {
					FE4006A11B6B791B00DBFD30 = {
						CreatedOnToolsVersion = 6.3.1;
					};
					FE4006BD1B6B791B00DBFD30 = {
						CreatedOnToolsVersion = 6.3.1;
						TestTargetID = FE4006A11B6B791B00DBFD30;
					};
				};
			};
			buildConfigurationList = FE40069D1B6B791B00DBFD30 /* Build configuration list for PBXProject "MVCExample01" */;
			compatibilityVersion = "Xcode 3.2";
			developmentRegion = English;
			hasScannedForEncodings = 0;
			knownRegions = (
				en,
				Base,
			);
			mainGroup = FE4006991B6B791B00DBFD30;
			productRefGroup = FE4006A31B6B791B00DBFD30 /* Products */;
			projectDirPath = "";
			projectRoot = "";
			targets = (
				FE4006A11B6B791B00DBFD30 /* MVCExample01 */,
				FE4006BD1B6B791B00DBFD30 /* MVCExample01Tests */,
			);
		};
/* End PBXProject section */

/* Begin PBXResourcesBuildPhase section */
		FE4006A01B6B791B00DBFD30 /* Resources */ = {
			isa = PBXResourcesBuildPhase;
			buildActionMask = 2147483647;
			files = (
				FE4006B41B6B791B00DBFD30 /* Main.storyboard in Resources */,
				FE4006B91B6B791B00DBFD30 /* LaunchScreen.xib in Resources */,
				FE4006B61B6B791B00DBFD30 /* Images.xcassets in Resources */,
			);
			runOnlyForDeploymentPostprocessing = 0;
		};
		FE4006BC1B6B791B00DBFD30 /* Resources */ = {
			isa = PBXResourcesBuildPhase;
			buildActionMask = 2147483647;
			files = (
			);
			runOnlyForDeploymentPostprocessing = 0;
		};
/* End PBXResourcesBuildPhase section */

/* Begin PBXSourcesBuildPhase section */
		FE40069E1B6B791B00DBFD30 /* Sources */ = {
			isa = PBXSourcesBuildPhase;
			buildActionMask = 2147483647;
			files = (
				FE7F0C4E1B6CD60E00FAE1AE /* IDEBusinessDetailViewController.m in Sources */,
				FE4006AB1B6B791B00DBFD30 /* AppDelegate.m in Sources */,
				FE4006A81B6B791B00DBFD30 /* main.m in Sources */,
				FE4006D01B6B7CD300DBFD30 /* IDEBusiness.m in Sources */,
			);
			runOnlyForDeploymentPostprocessing = 0;
		};
		FE4006BA1B6B791B00DBFD30 /* Sources */ = {
			isa = PBXSourcesBuildPhase;
			buildActionMask = 2147483647;
			files = (
				FE4006C51B6B791B00DBFD30 /* MVCExample01Tests.m in Sources */,
			);
			runOnlyForDeploymentPostprocessing = 0;
		};
/* End PBXSourcesBuildPhase section */

/* Begin PBXTargetDependency section */
		FE4006C01B6B791B00DBFD30 /* PBXTargetDependency */ = {
			isa = PBXTargetDependency;
			target = FE4006A11B6B791B00DBFD30 /* MVCExample01 */;
			targetProxy = FE4006BF1B6B791B00DBFD30 /* PBXContainerItemProxy */;
		};
/* End PBXTargetDependency section */

/* Begin PBXVariantGroup section */
		FE4006B21B6B791B00DBFD30 /* Main.storyboard */ = {
			isa = PBXVariantGroup;
			children = (
				FE4006B31B6B791B00DBFD30 /* Base */,
			);
			name = Main.storyboard;
			sourceTree = "<group>";
		};
		FE4006B71B6B791B00DBFD30 /* LaunchScreen.xib */ = {
			isa = PBXVariantGroup;
			children = (
				FE4006B81B6B791B00DBFD30 /* Base */,
			);
			name = LaunchScreen.xib;
			sourceTree = "<group>";
		};
/* End PBXVariantGroup section */

/* Begin XCBuildConfiguration section */
		FE4006C61B6B791B00DBFD30 /* Debug */ = {
			isa = XCBuildConfiguration;
			buildSettings = {
				ALWAYS_SEARCH_USER_PATHS = NO;
				CLANG_CXX_LANGUAGE_STANDARD = "gnu++0x";
				CLANG_CXX_LIBRARY = "libc++";
				CLANG_ENABLE_MODULES = YES;
				CLANG_ENABLE_OBJC_ARC = YES;
				CLANG_WARN_BOOL_CONVERSION = YES;
				CLANG_WARN_CONSTANT_CONVERSION = YES;
				CLANG_WARN_DIRECT_OBJC_ISA_USAGE = YES_ERROR;
				CLANG_WARN_EMPTY_BODY = YES;
				CLANG_WARN_ENUM_CONVERSION = YES;
				CLANG_WARN_INT_CONVERSION = YES;
				CLANG_WARN_OBJC_ROOT_CLASS = YES_ERROR;
				CLANG_WARN_UNREACHABLE_CODE = YES;
				CLANG_WARN__DUPLICATE_METHOD_MATCH = YES;
				"CODE_SIGN_IDENTITY[sdk=iphoneos*]" = "iPhone Developer";
				COPY_PHASE_STRIP = NO;
				DEBUG_INFORMATION_FORMAT = "dwarf-with-dsym";
				ENABLE_STRICT_OBJC_MSGSEND = YES;
				GCC_C_LANGUAGE_STANDARD = gnu99;
				GCC_DYNAMIC_NO_PIC = NO;
				GCC_NO_COMMON_BLOCKS = YES;
				GCC_OPTIMIZATION_LEVEL = 0;
				GCC_PREPROCESSOR_DEFINITIONS = (
					"DEBUG=1",
					"$(inherited)",
				);
				GCC_SYMBOLS_PRIVATE_EXTERN = NO;
				GCC_WARN_64_TO_32_BIT_CONVERSION = YES;
				GCC_WARN_ABOUT_RETURN_TYPE = YES_ERROR;
				GCC_WARN_UNDECLARED_SELECTOR = YES;
				GCC_WARN_UNINITIALIZED_AUTOS = YES_AGGRESSIVE;
				GCC_WARN_UNUSED_FUNCTION = YES;
				GCC_WARN_UNUSED_VARIABLE = YES;
				IPHONEOS_DEPLOYMENT_TARGET = 8.3;
				MTL_ENABLE_DEBUG_INFO = YES;
				ONLY_ACTIVE_ARCH = YES;
				SDKROOT = iphoneos;
			};
			name = Debug;
		};
		FE4006C71B6B791B00DBFD30 /* Release */ = {
			isa = XCBuildConfiguration;
			buildSettings = {
				ALWAYS_SEARCH_USER_PATHS = NO;
				CLANG_CXX_LANGUAGE_STANDARD = "gnu++0x";
				CLANG_CXX_LIBRARY = "libc++";
				CLANG_ENABLE_MODULES = YES;
				CLANG_ENABLE_OBJC_ARC = YES;
				CLANG_WARN_BOOL_CONVERSION = YES;
				CLANG_WARN_CONSTANT_CONVERSION = YES;
				CLANG_WARN_DIRECT_OBJC_ISA_USAGE = YES_ERROR;
				CLANG_WARN_EMPTY_BODY = YES;
				CLANG_WARN_ENUM_CONVERSION = YES;
				CLANG_WARN_INT_CONVERSION = YES;
				CLANG_WARN_OBJC_ROOT_CLASS = YES_ERROR;
				CLANG_WARN_UNREACHABLE_CODE = YES;
				CLANG_WARN__DUPLICATE_METHOD_MATCH = YES;
				"CODE_SIGN_IDENTITY[sdk=iphoneos*]" = "iPhone Developer";
				COPY_PHASE_STRIP = NO;
				DEBUG_INFORMATION_FORMAT = "dwarf-with-dsym";
				ENABLE_NS_ASSERTIONS = NO;
				ENABLE_STRICT_OBJC_MSGSEND = YES;
				GCC_C_LANGUAGE_STANDARD = gnu99;
				GCC_NO_COMMON_BLOCKS = YES;
				GCC_WARN_64_TO_32_BIT_CONVERSION = YES;
				GCC_WARN_ABOUT_RETURN_TYPE = YES_ERROR;
				GCC_WARN_UNDECLARED_SELECTOR = YES;
				GCC_WARN_UNINITIALIZED_AUTOS = YES_AGGRESSIVE;
				GCC_WARN_UNUSED_FUNCTION = YES;
				GCC_WARN_UNUSED_VARIABLE = YES;
				IPHONEOS_DEPLOYMENT_TARGET = 8.3;
				MTL_ENABLE_DEBUG_INFO = NO;
				SDKROOT = iphoneos;
				VALIDATE_PRODUCT = YES;
			};
			name = Release;
		};
		FE4006C91B6B791B00DBFD30 /* Debug */ = {
			isa = XCBuildConfiguration;
			buildSettings = {
				ASSETCATALOG_COMPILER_APPICON_NAME = AppIcon;
				INFOPLIST_FILE = MVCExample01/Info.plist;
				LD_RUNPATH_SEARCH_PATHS = "$(inherited) @executable_path/Frameworks";
				PRODUCT_NAME = "$(TARGET_NAME)";
			};
			name = Debug;
		};
		FE4006CA1B6B791B00DBFD30 /* Release */ = {
			isa = XCBuildConfiguration;
			buildSettings = {
				ASSETCATALOG_COMPILER_APPICON_NAME = AppIcon;
				INFOPLIST_FILE = MVCExample01/Info.plist;
				LD_RUNPATH_SEARCH_PATHS = "$(inherited) @executable_path/Frameworks";
				PRODUCT_NAME = "$(TARGET_NAME)";
			};
			name = Release;
		};
		FE4006CC1B6B791B00DBFD30 /* Debug */ = {
			isa = XCBuildConfiguration;
			buildSettings = {
				BUNDLE_LOADER = "$(TEST_HOST)";
				FRAMEWORK_SEARCH_PATHS = (
					"$(SDKROOT)/Developer/Library/Frameworks",
					"$(inherited)",
				);
				GCC_PREPROCESSOR_DEFINITIONS = (
					"DEBUG=1",
					"$(inherited)",
				);
				INFOPLIST_FILE = MVCExample01Tests/Info.plist;
				LD_RUNPATH_SEARCH_PATHS = "$(inherited) @executable_path/Frameworks @loader_path/Frameworks";
				PRODUCT_NAME = "$(TARGET_NAME)";
				TEST_HOST = "$(BUILT_PRODUCTS_DIR)/MVCExample01.app/MVCExample01";
			};
			name = Debug;
		};
		FE4006CD1B6B791B00DBFD30 /* Release */ = {
			isa = XCBuildConfiguration;
			buildSettings = {
				BUNDLE_LOADER = "$(TEST_HOST)";
				FRAMEWORK_SEARCH_PATHS = (
					"$(SDKROOT)/Developer/Library/Frameworks",
					"$(inherited)",
				);
				INFOPLIST_FILE = MVCExample01Tests/Info.plist;
				LD_RUNPATH_SEARCH_PATHS = "$(inherited) @executable_path/Frameworks @loader_path/Frameworks";
				PRODUCT_NAME = "$(TARGET_NAME)";
				TEST_HOST = "$(BUILT_PRODUCTS_DIR)/MVCExample01.app/MVCExample01";
			};
			name = Release;
		};
/* End XCBuildConfiguration section */

/* Begin XCConfigurationList section */
		FE40069D1B6B791B00DBFD30 /* Build configuration list for PBXProject "MVCExample01" */ = {
			isa = XCConfigurationList;
			buildConfigurations = (
				FE4006C61B6B791B00DBFD30 /* Debug */,
				FE4006C71B6B791B00DBFD30 /* Release */,
			);
			defaultConfigurationIsVisible = 0;
			defaultConfigurationName = Release;
		};
		FE4006C81B6B791B00DBFD30 /* Build configuration list for PBXNativeTarget "MVCExample01" */ = {
			isa = XCConfigurationList;
			buildConfigurations = (
				FE4006C91B6B791B00DBFD30 /* Debug */,
				FE4006CA1B6B791B00DBFD30 /* Release */,
			);
			defaultConfigurationIsVisible = 0;
			defaultConfigurationName = Release;
		};
		FE4006CB1B6B791B00DBFD30 /* Build configuration list for PBXNativeTarget "MVCExample01Tests" */ = {
			isa = XCConfigurationList;
			buildConfigurations = (
				FE4006CC1B6B791B00DBFD30 /* Debug */,
				FE4006CD1B6B791B00DBFD30 /* Release */,
			);
			defaultConfigurationIsVisible = 0;
			defaultConfigurationName = Release;
		};
/* End XCConfigurationList section */
	};
	rootObject = FE40069A1B6B791B00DBFD30 /* Project object */;
}
